// !$*UTF8*$!
{
	archiveVersion = 1;
	classes = {
	};
	objectVersion = 56;
	objects = {

/* Begin PBXBuildFile section */
		4ACEFAB329DC6EE400D532A2 /* RequestifyApp.swift in Sources */ = {isa = PBXBuildFile; fileRef = 4ACEFAB229DC6EE400D532A2 /* RequestifyApp.swift */; };
		4ACEFAB529DC6EE400D532A2 /* ContentView.swift in Sources */ = {isa = PBXBuildFile; fileRef = 4ACEFAB429DC6EE400D532A2 /* ContentView.swift */; };
		4ACEFAB729DC6EE500D532A2 /* Assets.xcassets in Resources */ = {isa = PBXBuildFile; fileRef = 4ACEFAB629DC6EE500D532A2 /* Assets.xcassets */; };
		4ACEFABA29DC6EE500D532A2 /* Preview Assets.xcassets in Resources */ = {isa = PBXBuildFile; fileRef = 4ACEFAB929DC6EE500D532A2 /* Preview Assets.xcassets */; };
		4ACEFAC129DC6EFA00D532A2 /* SpotifyController.swift in Sources */ = {isa = PBXBuildFile; fileRef = 4ACEFAC029DC6EFA00D532A2 /* SpotifyController.swift */; };
		4ACEFAC429DC6F6900D532A2 /* SpotifyiOS in Frameworks */ = {isa = PBXBuildFile; productRef = 4ACEFAC329DC6F6900D532A2 /* SpotifyiOS */; };
		4ACEFAC629DC6F7600D532A2 /* SpotifyiOS.framework in Frameworks */ = {isa = PBXBuildFile; fileRef = 4ACEFAC529DC6F7600D532A2 /* SpotifyiOS.framework */; };
/* End PBXBuildFile section */

/* Begin PBXFileReference section */
		4ACEFAAF29DC6EE400D532A2 /* Requestify.app */ = {isa = PBXFileReference; explicitFileType = wrapper.application; includeInIndex = 0; path = Requestify.app; sourceTree = BUILT_PRODUCTS_DIR; };
		4ACEFAB229DC6EE400D532A2 /* RequestifyApp.swift */ = {isa = PBXFileReference; lastKnownFileType = sourcecode.swift; path = RequestifyApp.swift; sourceTree = "<group>"; };
		4ACEFAB429DC6EE400D532A2 /* ContentView.swift */ = {isa = PBXFileReference; lastKnownFileType = sourcecode.swift; path = ContentView.swift; sourceTree = "<group>"; };
		4ACEFAB629DC6EE500D532A2 /* Assets.xcassets */ = {isa = PBXFileReference; lastKnownFileType = folder.assetcatalog; path = Assets.xcassets; sourceTree = "<group>"; };
		4ACEFAB929DC6EE500D532A2 /* Preview Assets.xcassets */ = {isa = PBXFileReference; lastKnownFileType = folder.assetcatalog; path = "Preview Assets.xcassets"; sourceTree = "<group>"; };
		4ACEFAC029DC6EFA00D532A2 /* SpotifyController.swift */ = {isa = PBXFileReference; lastKnownFileType = sourcecode.swift; path = SpotifyController.swift; sourceTree = "<group>"; };
		4ACEFAC529DC6F7600D532A2 /* SpotifyiOS.framework */ = {isa = PBXFileReference; lastKnownFileType = wrapper.framework; path = SpotifyiOS.framework; sourceTree = "<group>"; };
		4ACEFAC729DC6F7C00D532A2 /* Requestify-Bridging-Header.h */ = {isa = PBXFileReference; lastKnownFileType = sourcecode.c.h; path = "Requestify-Bridging-Header.h"; sourceTree = "<group>"; };
		4ACEFAC829DC707900D532A2 /* Info.plist */ = {isa = PBXFileReference; lastKnownFileType = text.plist; path = Info.plist; sourceTree = "<group>"; };
/* End PBXFileReference section */

/* Begin PBXFrameworksBuildPhase section */
		4ACEFAAC29DC6EE400D532A2 /* Frameworks */ = {
			isa = PBXFrameworksBuildPhase;
			buildActionMask = 2147483647;
			files = (
				4ACEFAC429DC6F6900D532A2 /* SpotifyiOS in Frameworks */,
				4ACEFAC629DC6F7600D532A2 /* SpotifyiOS.framework in Frameworks */,
			);
			runOnlyForDeploymentPostprocessing = 0;
		};
/* End PBXFrameworksBuildPhase section */

/* Begin PBXGroup section */
		4ACEFAA629DC6EE400D532A2 = {
			isa = PBXGroup;
			children = (
				4ACEFAC729DC6F7C00D532A2 /* Requestify-Bridging-Header.h */,
				4ACEFAB129DC6EE400D532A2 /* Requestify */,
				4ACEFAB029DC6EE400D532A2 /* Products */,
			);
			sourceTree = "<group>";
		};
		4ACEFAB029DC6EE400D532A2 /* Products */ = {
			isa = PBXGroup;
			children = (
				4ACEFAAF29DC6EE400D532A2 /* Requestify.app */,
			);
			name = Products;
			sourceTree = "<group>";
		};
		4ACEFAB129DC6EE400D532A2 /* Requestify */ = {
			isa = PBXGroup;
			children = (
				4ACEFAC829DC707900D532A2 /* Info.plist */,
				4ACEFAC529DC6F7600D532A2 /* SpotifyiOS.framework */,
				4ACEFAC029DC6EFA00D532A2 /* SpotifyController.swift */,
				4ACEFAB229DC6EE400D532A2 /* RequestifyApp.swift */,
				4ACEFAB429DC6EE400D532A2 /* ContentView.swift */,
				4ACEFAB629DC6EE500D532A2 /* Assets.xcassets */,
				4ACEFAB829DC6EE500D532A2 /* Preview Content */,
			);
			path = Requestify;
			sourceTree = "<group>";
		};
		4ACEFAB829DC6EE500D532A2 /* Preview Content */ = {
			isa = PBXGroup;
			children = (
				4ACEFAB929DC6EE500D532A2 /* Preview Assets.xcassets */,
			);
			path = "Preview Content";
			sourceTree = "<group>";
		};
/* End PBXGroup section */

/* Begin PBXNativeTarget section */
		4ACEFAAE29DC6EE400D532A2 /* Requestify */ = {
			isa = PBXNativeTarget;
			buildConfigurationList = 4ACEFABD29DC6EE500D532A2 /* Build configuration list for PBXNativeTarget "Requestify" */;
			buildPhases = (
				4ACEFAAB29DC6EE400D532A2 /* Sources */,
				4ACEFAAC29DC6EE400D532A2 /* Frameworks */,
				4ACEFAAD29DC6EE400D532A2 /* Resources */,
			);
			buildRules = (
			);
			dependencies = (
			);
			name = Requestify;
			packageProductDependencies = (
				4ACEFAC329DC6F6900D532A2 /* SpotifyiOS */,
			);
			productName = Requestify;
			productReference = 4ACEFAAF29DC6EE400D532A2 /* Requestify.app */;
			productType = "com.apple.product-type.application";
		};
/* End PBXNativeTarget section */

/* Begin PBXProject section */
		4ACEFAA729DC6EE400D532A2 /* Project object */ = {
			isa = PBXProject;
			attributes = {
				BuildIndependentTargetsInParallel = 1;
				LastSwiftUpdateCheck = 1430;
				LastUpgradeCheck = 1430;
				TargetAttributes = {
					4ACEFAAE29DC6EE400D532A2 = {
						CreatedOnToolsVersion = 14.3;
					};
				};
			};
			buildConfigurationList = 4ACEFAAA29DC6EE400D532A2 /* Build configuration list for PBXProject "Requestify" */;
			compatibilityVersion = "Xcode 14.0";
			developmentRegion = en;
			hasScannedForEncodings = 0;
			knownRegions = (
				en,
				Base,
			);
			mainGroup = 4ACEFAA629DC6EE400D532A2;
			packageReferences = (
				4ACEFAC229DC6F6900D532A2 /* XCRemoteSwiftPackageReference "ios-sdk" */,
			);
			productRefGroup = 4ACEFAB029DC6EE400D532A2 /* Products */;
			projectDirPath = "";
			projectRoot = "";
			targets = (
				4ACEFAAE29DC6EE400D532A2 /* Requestify */,
			);
		};
/* End PBXProject section */

/* Begin PBXResourcesBuildPhase section */
		4ACEFAAD29DC6EE400D532A2 /* Resources */ = {
			isa = PBXResourcesBuildPhase;
			buildActionMask = 2147483647;
			files = (
				4ACEFABA29DC6EE500D532A2 /* Preview Assets.xcassets in Resources */,
				4ACEFAB729DC6EE500D532A2 /* Assets.xcassets in Resources */,
			);
			runOnlyForDeploymentPostprocessing = 0;
		};
/* End PBXResourcesBuildPhase section */

/* Begin PBXSourcesBuildPhase section */
		4ACEFAAB29DC6EE400D532A2 /* Sources */ = {
			isa = PBXSourcesBuildPhase;
			buildActionMask = 2147483647;
			files = (
				4ACEFAB529DC6EE400D532A2 /* ContentView.swift in Sources */,
				4ACEFAC129DC6EFA00D532A2 /* SpotifyController.swift in Sources */,
				4ACEFAB329DC6EE400D532A2 /* RequestifyApp.swift in Sources */,
			);
			runOnlyForDeploymentPostprocessing = 0;
		};
/* End PBXSourcesBuildPhase section */

/* Begin XCBuildConfiguration section */
		4ACEFABB29DC6EE500D532A2 /* Debug */ = {
			isa = XCBuildConfiguration;
			buildSettings = {
				ALWAYS_SEARCH_USER_PATHS = NO;
				CLANG_ANALYZER_NONNULL = YES;
				CLANG_ANALYZER_NUMBER_OBJECT_CONVERSION = YES_AGGRESSIVE;
				CLANG_CXX_LANGUAGE_STANDARD = "gnu++20";
				CLANG_ENABLE_MODULES = YES;
				CLANG_ENABLE_OBJC_ARC = YES;
				CLANG_ENABLE_OBJC_WEAK = YES;
				CLANG_WARN_BLOCK_CAPTURE_AUTORELEASING = YES;
				CLANG_WARN_BOOL_CONVERSION = YES;
				CLANG_WARN_COMMA = YES;
				CLANG_WARN_CONSTANT_CONVERSION = YES;
				CLANG_WARN_DEPRECATED_OBJC_IMPLEMENTATIONS = YES;
				CLANG_WARN_DIRECT_OBJC_ISA_USAGE = YES_ERROR;
				CLANG_WARN_DOCUMENTATION_COMMENTS = YES;
				CLANG_WARN_EMPTY_BODY = YES;
				CLANG_WARN_ENUM_CONVERSION = YES;
				CLANG_WARN_INFINITE_RECURSION = YES;
				CLANG_WARN_INT_CONVERSION = YES;
				CLANG_WARN_NON_LITERAL_NULL_CONVERSION = YES;
				CLANG_WARN_OBJC_IMPLICIT_RETAIN_SELF = YES;
				CLANG_WARN_OBJC_LITERAL_CONVERSION = YES;
				CLANG_WARN_OBJC_ROOT_CLASS = YES_ERROR;
				CLANG_WARN_QUOTED_INCLUDE_IN_FRAMEWORK_HEADER = YES;
				CLANG_WARN_RANGE_LOOP_ANALYSIS = YES;
				CLANG_WARN_STRICT_PROTOTYPES = YES;
				CLANG_WARN_SUSPICIOUS_MOVE = YES;
				CLANG_WARN_UNGUARDED_AVAILABILITY = YES_AGGRESSIVE;
				CLANG_WARN_UNREACHABLE_CODE = YES;
				CLANG_WARN__DUPLICATE_METHOD_MATCH = YES;
				COPY_PHASE_STRIP = NO;
				DEBUG_INFORMATION_FORMAT = dwarf;
				ENABLE_STRICT_OBJC_MSGSEND = YES;
				ENABLE_TESTABILITY = YES;
				GCC_C_LANGUAGE_STANDARD = gnu11;
				GCC_DYNAMIC_NO_PIC = NO;
				GCC_NO_COMMON_BLOCKS = YES;
				GCC_OPTIMIZATION_LEVEL = 0;
				GCC_PREPROCESSOR_DEFINITIONS = (
					"DEBUG=1",
					"$(inherited)",
				);
				GCC_WARN_64_TO_32_BIT_CONVERSION = YES;
				GCC_WARN_ABOUT_RETURN_TYPE = YES_ERROR;
				GCC_WARN_UNDECLARED_SELECTOR = YES;
				GCC_WARN_UNINITIALIZED_AUTOS = YES_AGGRESSIVE;
				GCC_WARN_UNUSED_FUNCTION = YES;
				GCC_WARN_UNUSED_VARIABLE = YES;
				IPHONEOS_DEPLOYMENT_TARGET = 16.1;
				MTL_ENABLE_DEBUG_INFO = INCLUDE_SOURCE;
				MTL_FAST_MATH = YES;
				ONLY_ACTIVE_ARCH = YES;
				SDKROOT = iphoneos;
				SWIFT_ACTIVE_COMPILATION_CONDITIONS = DEBUG;
				SWIFT_OPTIMIZATION_LEVEL = "-Onone";
			};
			name = Debug;
		};
		4ACEFABC29DC6EE500D532A2 /* Release */ = {
			isa = XCBuildConfiguration;
			buildSettings = {
				ALWAYS_SEARCH_USER_PATHS = NO;
				CLANG_ANALYZER_NONNULL = YES;
				CLANG_ANALYZER_NUMBER_OBJECT_CONVERSION = YES_AGGRESSIVE;
				CLANG_CXX_LANGUAGE_STANDARD = "gnu++20";
				CLANG_ENABLE_MODULES = YES;
				CLANG_ENABLE_OBJC_ARC = YES;
				CLANG_ENABLE_OBJC_WEAK = YES;
				CLANG_WARN_BLOCK_CAPTURE_AUTORELEASING = YES;
				CLANG_WARN_BOOL_CONVERSION = YES;
				CLANG_WARN_COMMA = YES;
				CLANG_WARN_CONSTANT_CONVERSION = YES;
				CLANG_WARN_DEPRECATED_OBJC_IMPLEMENTATIONS = YES;
				CLANG_WARN_DIRECT_OBJC_ISA_USAGE = YES_ERROR;
				CLANG_WARN_DOCUMENTATION_COMMENTS = YES;
				CLANG_WARN_EMPTY_BODY = YES;
				CLANG_WARN_ENUM_CONVERSION = YES;
				CLANG_WARN_INFINITE_RECURSION = YES;
				CLANG_WARN_INT_CONVERSION = YES;
				CLANG_WARN_NON_LITERAL_NULL_CONVERSION = YES;
				CLANG_WARN_OBJC_IMPLICIT_RETAIN_SELF = YES;
				CLANG_WARN_OBJC_LITERAL_CONVERSION = YES;
				CLANG_WARN_OBJC_ROOT_CLASS = YES_ERROR;
				CLANG_WARN_QUOTED_INCLUDE_IN_FRAMEWORK_HEADER = YES;
				CLANG_WARN_RANGE_LOOP_ANALYSIS = YES;
				CLANG_WARN_STRICT_PROTOTYPES = YES;
				CLANG_WARN_SUSPICIOUS_MOVE = YES;
				CLANG_WARN_UNGUARDED_AVAILABILITY = YES_AGGRESSIVE;
				CLANG_WARN_UNREACHABLE_CODE = YES;
				CLANG_WARN__DUPLICATE_METHOD_MATCH = YES;
				COPY_PHASE_STRIP = NO;
				DEBUG_INFORMATION_FORMAT = "dwarf-with-dsym";
				ENABLE_NS_ASSERTIONS = NO;
				ENABLE_STRICT_OBJC_MSGSEND = YES;
				GCC_C_LANGUAGE_STANDARD = gnu11;
				GCC_NO_COMMON_BLOCKS = YES;
				GCC_WARN_64_TO_32_BIT_CONVERSION = YES;
				GCC_WARN_ABOUT_RETURN_TYPE = YES_ERROR;
				GCC_WARN_UNDECLARED_SELECTOR = YES;
				GCC_WARN_UNINITIALIZED_AUTOS = YES_AGGRESSIVE;
				GCC_WARN_UNUSED_FUNCTION = YES;
				GCC_WARN_UNUSED_VARIABLE = YES;
				IPHONEOS_DEPLOYMENT_TARGET = 16.1;
				MTL_ENABLE_DEBUG_INFO = NO;
				MTL_FAST_MATH = YES;
				SDKROOT = iphoneos;
				SWIFT_COMPILATION_MODE = wholemodule;
				SWIFT_OPTIMIZATION_LEVEL = "-O";
				VALIDATE_PRODUCT = YES;
			};
			name = Release;
		};
		4ACEFABE29DC6EE500D532A2 /* Debug */ = {
			isa = XCBuildConfiguration;
			buildSettings = {
				ASSETCATALOG_COMPILER_APPICON_NAME = AppIcon;
				ASSETCATALOG_COMPILER_GLOBAL_ACCENT_COLOR_NAME = AccentColor;
				CODE_SIGN_STYLE = Automatic;
				CURRENT_PROJECT_VERSION = 1;
				DEVELOPMENT_ASSET_PATHS = "\"Requestify/Preview Content\"";
				DEVELOPMENT_TEAM = A78GUNKTH2;
				ENABLE_PREVIEWS = YES;
				FRAMEWORK_SEARCH_PATHS = (
					"$(inherited)",
					"$(PROJECT_DIR)/Requestify",
				);
				GENERATE_INFOPLIST_FILE = YES;
				INFOPLIST_FILE = Requestify/Info.plist;
				INFOPLIST_KEY_UIApplicationSceneManifest_Generation = YES;
				INFOPLIST_KEY_UIApplicationSupportsIndirectInputEvents = YES;
				INFOPLIST_KEY_UILaunchScreen_Generation = YES;
				INFOPLIST_KEY_UISupportedInterfaceOrientations_iPad = "UIInterfaceOrientationPortrait UIInterfaceOrientationPortraitUpsideDown UIInterfaceOrientationLandscapeLeft UIInterfaceOrientationLandscapeRight";
				INFOPLIST_KEY_UISupportedInterfaceOrientations_iPhone = "UIInterfaceOrientationPortrait UIInterfaceOrientationLandscapeLeft UIInterfaceOrientationLandscapeRight";
				LD_RUNPATH_SEARCH_PATHS = (
					"$(inherited)",
					"@executable_path/Frameworks",
				);
				MARKETING_VERSION = 1.0;
				PRODUCT_BUNDLE_IDENTIFIER = com.KariFromMLH.Requestify;
				PRODUCT_NAME = "$(TARGET_NAME)";
				SWIFT_EMIT_LOC_STRINGS = YES;
				SWIFT_VERSION = 5.0;
				TARGETED_DEVICE_FAMILY = "1,2";
			};
			name = Debug;
		};
		4ACEFABF29DC6EE500D532A2 /* Release */ = {
			isa = XCBuildConfiguration;
			buildSettings = {
				ASSETCATALOG_COMPILER_APPICON_NAME = AppIcon;
				ASSETCATALOG_COMPILER_GLOBAL_ACCENT_COLOR_NAME = AccentColor;
				CODE_SIGN_STYLE = Automatic;
				CURRENT_PROJECT_VERSION = 1;
				DEVELOPMENT_ASSET_PATHS = "\"Requestify/Preview Content\"";
				DEVELOPMENT_TEAM = A78GUNKTH2;
				ENABLE_PREVIEWS = YES;
				FRAMEWORK_SEARCH_PATHS = (
					"$(inherited)",
					"$(PROJECT_DIR)/Requestify",
				);
				GENERATE_INFOPLIST_FILE = YES;
				INFOPLIST_FILE = Requestify/Info.plist;
				INFOPLIST_KEY_UIApplicationSceneManifest_Generation = YES;
				INFOPLIST_KEY_UIApplicationSupportsIndirectInputEvents = YES;
				INFOPLIST_KEY_UILaunchScreen_Generation = YES;
				INFOPLIST_KEY_UISupportedInterfaceOrientations_iPad = "UIInterfaceOrientationPortrait UIInterfaceOrientationPortraitUpsideDown UIInterfaceOrientationLandscapeLeft UIInterfaceOrientationLandscapeRight";
				INFOPLIST_KEY_UISupportedInterfaceOrientations_iPhone = "UIInterfaceOrientationPortrait UIInterfaceOrientationLandscapeLeft UIInterfaceOrientationLandscapeRight";
				LD_RUNPATH_SEARCH_PATHS = (
					"$(inherited)",
					"@executable_path/Frameworks",
				);
				MARKETING_VERSION = 1.0;
				PRODUCT_BUNDLE_IDENTIFIER = com.KariFromMLH.Requestify;
				PRODUCT_NAME = "$(TARGET_NAME)";
				SWIFT_EMIT_LOC_STRINGS = YES;
				SWIFT_VERSION = 5.0;
				TARGETED_DEVICE_FAMILY = "1,2";
			};
			name = Release;
		};
/* End XCBuildConfiguration section */

/* Begin XCConfigurationList section */
		4ACEFAAA29DC6EE400D532A2 /* Build configuration list for PBXProject "Requestify" */ = {
			isa = XCConfigurationList;
			buildConfigurations = (
				4ACEFABB29DC6EE500D532A2 /* Debug */,
				4ACEFABC29DC6EE500D532A2 /* Release */,
			);
			defaultConfigurationIsVisible = 0;
			defaultConfigurationName = Release;
		};
		4ACEFABD29DC6EE500D532A2 /* Build configuration list for PBXNativeTarget "Requestify" */ = {
			isa = XCConfigurationList;
			buildConfigurations = (
				4ACEFABE29DC6EE500D532A2 /* Debug */,
				4ACEFABF29DC6EE500D532A2 /* Release */,
			);
			defaultConfigurationIsVisible = 0;
			defaultConfigurationName = Release;
		};
/* End XCConfigurationList section */

/* Begin XCRemoteSwiftPackageReference section */
		4ACEFAC229DC6F6900D532A2 /* XCRemoteSwiftPackageReference "ios-sdk" */ = {
			isa = XCRemoteSwiftPackageReference;
			repositoryURL = "https://github.com/spotify/ios-sdk";
			requirement = {
				branch = master;
				kind = branch;
			};
		};
/* End XCRemoteSwiftPackageReference section */

/* Begin XCSwiftPackageProductDependency section */
		4ACEFAC329DC6F6900D532A2 /* SpotifyiOS */ = {
			isa = XCSwiftPackageProductDependency;
			package = 4ACEFAC229DC6F6900D532A2 /* XCRemoteSwiftPackageReference "ios-sdk" */;
			productName = SpotifyiOS;
		};
/* End XCSwiftPackageProductDependency section */
	};
	rootObject = 4ACEFAA729DC6EE400D532A2 /* Project object */;
}
